
Microsoft Visual Studio Solution File, Format Version 12.00
# Visual Studio Version 16
VisualStudioVersion = 16.0.30320.27
MinimumVisualStudioVersion = 10.0.40219.1
Project("{9A19103F-16F7-4668-BE54-9A1E7A4F7556}") = "ModLoaderPolyfill", "ModLoaderPolyfill.csproj", "{739D5967-86BE-411B-A9D1-6E97349EDCEA}"
EndProject
Global
	GlobalSection(SharedMSBuildProjectFiles) = preSolution
		..\VTOLAPICommons\VTOLAPICommons\VTOLAPICommons.projitems*{739d5967-86be-411b-a9d1-6e97349edcea}*SharedItemsImports = 5
	EndGlobalSection
	GlobalSection(SolutionConfigurationPlatforms) = preSolution
		Debug|Any CPU = Debug|Any CPU
		Release|Any CPU = Release|Any CPU
	EndGlobalSection
	GlobalSection(ProjectConfigurationPlatforms) = postSolution
		{739D5967-86BE-411B-A9D1-6E97349EDCEA}.Debug|Any CPU.ActiveCfg = Debug|Any CPU
		{739D5967-86BE-411B-A9D1-6E97349EDCEA}.Debug|Any CPU.Build.0 = Debug|Any CPU
		{739D5967-86BE-411B-A9D1-6E97349EDCEA}.Release|Any CPU.ActiveCfg = Release|Any CPU
		{739D5967-86BE-411B-A9D1-6E97349EDCEA}.Release|Any CPU.Build.0 = Release|Any CPU
	EndGlobalSection
	GlobalSection(SolutionProperties) = preSolution
		HideSolutionNode = FALSE
	EndGlobalSection
	GlobalSection(ExtensibilityGlobals) = postSolution
		SolutionGuid = {560D0422-81F0-423A-BB5D-46E757863044}
	EndGlobalSection
EndGlobal
