
Microsoft Visual Studio Solution File, Format Version 12.00
# Visual Studio Version 16
VisualStudioVersion = 16.0.30320.27
MinimumVisualStudioVersion = 10.0.40219.1
Project("{9A19103F-16F7-4668-BE54-9A1E7A4F7556}") = "IMLLoader", "IMLLoader.csproj", "{C968DEAF-006E-482A-9FEB-7DEB1F0158BD}"
EndProject
Global
	GlobalSection(SharedMSBuildProjectFiles) = preSolution
		..\VTOLAPICommons\VTOLAPICommons\VTOLAPICommons.projitems*{c968deaf-006e-482a-9feb-7deb1f0158bd}*SharedItemsImports = 5
	EndGlobalSection
	GlobalSection(SolutionConfigurationPlatforms) = preSolution
		Debug|Any CPU = Debug|Any CPU
		Release|Any CPU = Release|Any CPU
	EndGlobalSection
	GlobalSection(ProjectConfigurationPlatforms) = postSolution
		{C968DEAF-006E-482A-9FEB-7DEB1F0158BD}.Debug|Any CPU.ActiveCfg = Debug|Any CPU
		{C968DEAF-006E-482A-9FEB-7DEB1F0158BD}.Debug|Any CPU.Build.0 = Debug|Any CPU
		{C968DEAF-006E-482A-9FEB-7DEB1F0158BD}.Release|Any CPU.ActiveCfg = Release|Any CPU
		{C968DEAF-006E-482A-9FEB-7DEB1F0158BD}.Release|Any CPU.Build.0 = Release|Any CPU
	EndGlobalSection
	GlobalSection(SolutionProperties) = preSolution
		HideSolutionNode = FALSE
	EndGlobalSection
	GlobalSection(ExtensibilityGlobals) = postSolution
		SolutionGuid = {3981F9CC-1C4A-4BC2-9AE1-BA866CDAEFDE}
	EndGlobalSection
EndGlobal
