
Microsoft Visual Studio Solution File, Format Version 12.00
# Visual Studio Version 17
VisualStudioVersion = 17.7.34009.444
MinimumVisualStudioVersion = 10.0.40219.1
Project("{FAE04EC0-301F-11D3-BF4B-00C04F79EFBC}") = "SMLInstaller", "SMLInstaller.csproj", "{992E33B7-98F4-40E6-BA6F-AA74F1AF6D55}"
EndProject
Global
	GlobalSection(SolutionConfigurationPlatforms) = preSolution
		Debug|Any CPU = Debug|Any CPU
		Release|Any CPU = Release|Any CPU
	EndGlobalSection
	GlobalSection(ProjectConfigurationPlatforms) = postSolution
		{992E33B7-98F4-40E6-BA6F-AA74F1AF6D55}.Debug|Any CPU.ActiveCfg = Debug|Any CPU
		{992E33B7-98F4-40E6-BA6F-AA74F1AF6D55}.Debug|Any CPU.Build.0 = Debug|Any CPU
		{992E33B7-98F4-40E6-BA6F-AA74F1AF6D55}.Release|Any CPU.ActiveCfg = Release|Any CPU
		{992E33B7-98F4-40E6-BA6F-AA74F1AF6D55}.Release|Any CPU.Build.0 = Release|Any CPU
	EndGlobalSection
	GlobalSection(SolutionProperties) = preSolution
		HideSolutionNode = FALSE
	EndGlobalSection
	GlobalSection(ExtensibilityGlobals) = postSolution
		SolutionGuid = {17C90E2A-FF4C-4998-9E79-099B7EC4772D}
	EndGlobalSection
EndGlobal
